
Microsoft Visual Studio Solution File, Format Version 12.00
# Visual Studio Version 17
VisualStudioVersion = 17.3.32929.385
MinimumVisualStudioVersion = 10.0.40219.1
Project("{FAE04EC0-301F-11D3-BF4B-00C04F79EFBC}") = "Clinik", "Clinik\Clinik.csproj", "{26FDC5FD-AB56-4307-85E6-A997B25D0D28}"
EndProject
Project("{FAE04EC0-301F-11D3-BF4B-00C04F79EFBC}") = "ClinikDLL", "ClinikDLL\ClinikDLL.csproj", "{FBE41831-C864-46BC-BCDF-D4BC9FE775A5}"
EndProject
Global
	GlobalSection(SolutionConfigurationPlatforms) = preSolution
		Debug|Any CPU = Debug|Any CPU
		Release|Any CPU = Release|Any CPU
	EndGlobalSection
	GlobalSection(ProjectConfigurationPlatforms) = postSolution
		{26FDC5FD-AB56-4307-85E6-A997B25D0D28}.Debug|Any CPU.ActiveCfg = Debug|Any CPU
		{26FDC5FD-AB56-4307-85E6-A997B25D0D28}.Debug|Any CPU.Build.0 = Debug|Any CPU
		{26FDC5FD-AB56-4307-85E6-A997B25D0D28}.Release|Any CPU.ActiveCfg = Release|Any CPU
		{26FDC5FD-AB56-4307-85E6-A997B25D0D28}.Release|Any CPU.Build.0 = Release|Any CPU
		{FBE41831-C864-46BC-BCDF-D4BC9FE775A5}.Debug|Any CPU.ActiveCfg = Debug|Any CPU
		{FBE41831-C864-46BC-BCDF-D4BC9FE775A5}.Debug|Any CPU.Build.0 = Debug|Any CPU
		{FBE41831-C864-46BC-BCDF-D4BC9FE775A5}.Release|Any CPU.ActiveCfg = Release|Any CPU
		{FBE41831-C864-46BC-BCDF-D4BC9FE775A5}.Release|Any CPU.Build.0 = Release|Any CPU
	EndGlobalSection
	GlobalSection(SolutionProperties) = preSolution
		HideSolutionNode = FALSE
	EndGlobalSection
	GlobalSection(ExtensibilityGlobals) = postSolution
		SolutionGuid = {8059FFB2-95DB-4332-A962-F04C8516A19A}
	EndGlobalSection
EndGlobal
